
Microsoft Visual Studio Solution File, Format Version 12.00
# Visual Studio Version 17
VisualStudioVersion = 17.1.32319.34
MinimumVisualStudioVersion = 10.0.40219.1
Project("{9A19103F-16F7-4668-BE54-9A1E7A4F7556}") = "JP-TS-15-MainConsoleProject", "JP-TS-15-MainConsoleProject\JP-TS-15-MainConsoleProject.csproj", "{5ADDAC9F-9BA9-48FC-90E7-FB11CE9064EB}"
EndProject
Project("{9A19103F-16F7-4668-BE54-9A1E7A4F7556}") = "JPTS15Bank", "JPTS15Bank\JPTS15Bank.csproj", "{F879E210-89DF-405A-A31D-D49F9A10C310}"
EndProject
Project("{2150E333-8FDC-42A3-9474-1A3956D46DE8}") = "OLD", "OLD", "{03DA4A8A-E074-4F87-B627-EC8C4737F0C3}"
EndProject
Project("{9A19103F-16F7-4668-BE54-9A1E7A4F7556}") = "BankGPT.Library", "BankGPT.Library\BankGPT.Library.csproj", "{1887E2C6-BE10-4411-A6F8-FD284A5E0D5C}"
EndProject
Project("{9A19103F-16F7-4668-BE54-9A1E7A4F7556}") = "BankGPT.Repository", "BankGPT.Repository\BankGPT.Repository.csproj", "{A3C04839-0E98-47F5-838C-F5708F85EE7B}"
EndProject
Project("{9A19103F-16F7-4668-BE54-9A1E7A4F7556}") = "BankGPT.Tests", "BankGPT.Tests\BankGPT.Tests.csproj", "{352C2054-D58E-4249-8336-C3B4A50FD933}"
EndProject
Project("{2150E333-8FDC-42A3-9474-1A3956D46DE8}") = "BankGPT", "BankGPT", "{85E8FE87-C0ED-4E29-B7EB-6EB41B3E7CEA}"
EndProject
Project("{FAE04EC0-301F-11D3-BF4B-00C04F79EFBC}") = "EmployeeManagement.API", "EmployeeManagement.API\EmployeeManagement.API.csproj", "{44994EE3-4F7E-4DF7-A10E-85C1DA5C1673}"
EndProject
Global
	GlobalSection(SolutionConfigurationPlatforms) = preSolution
		Debug|Any CPU = Debug|Any CPU
		Release|Any CPU = Release|Any CPU
	EndGlobalSection
	GlobalSection(ProjectConfigurationPlatforms) = postSolution
		{5ADDAC9F-9BA9-48FC-90E7-FB11CE9064EB}.Debug|Any CPU.ActiveCfg = Debug|Any CPU
		{5ADDAC9F-9BA9-48FC-90E7-FB11CE9064EB}.Debug|Any CPU.Build.0 = Debug|Any CPU
		{5ADDAC9F-9BA9-48FC-90E7-FB11CE9064EB}.Release|Any CPU.ActiveCfg = Release|Any CPU
		{5ADDAC9F-9BA9-48FC-90E7-FB11CE9064EB}.Release|Any CPU.Build.0 = Release|Any CPU
		{F879E210-89DF-405A-A31D-D49F9A10C310}.Debug|Any CPU.ActiveCfg = Debug|Any CPU
		{F879E210-89DF-405A-A31D-D49F9A10C310}.Debug|Any CPU.Build.0 = Debug|Any CPU
		{F879E210-89DF-405A-A31D-D49F9A10C310}.Release|Any CPU.ActiveCfg = Release|Any CPU
		{F879E210-89DF-405A-A31D-D49F9A10C310}.Release|Any CPU.Build.0 = Release|Any CPU
		{1887E2C6-BE10-4411-A6F8-FD284A5E0D5C}.Debug|Any CPU.ActiveCfg = Debug|Any CPU
		{1887E2C6-BE10-4411-A6F8-FD284A5E0D5C}.Debug|Any CPU.Build.0 = Debug|Any CPU
		{1887E2C6-BE10-4411-A6F8-FD284A5E0D5C}.Release|Any CPU.ActiveCfg = Release|Any CPU
		{1887E2C6-BE10-4411-A6F8-FD284A5E0D5C}.Release|Any CPU.Build.0 = Release|Any CPU
		{A3C04839-0E98-47F5-838C-F5708F85EE7B}.Debug|Any CPU.ActiveCfg = Debug|Any CPU
		{A3C04839-0E98-47F5-838C-F5708F85EE7B}.Debug|Any CPU.Build.0 = Debug|Any CPU
		{A3C04839-0E98-47F5-838C-F5708F85EE7B}.Release|Any CPU.ActiveCfg = Release|Any CPU
		{A3C04839-0E98-47F5-838C-F5708F85EE7B}.Release|Any CPU.Build.0 = Release|Any CPU
		{352C2054-D58E-4249-8336-C3B4A50FD933}.Debug|Any CPU.ActiveCfg = Debug|Any CPU
		{352C2054-D58E-4249-8336-C3B4A50FD933}.Debug|Any CPU.Build.0 = Debug|Any CPU
		{352C2054-D58E-4249-8336-C3B4A50FD933}.Release|Any CPU.ActiveCfg = Release|Any CPU
		{352C2054-D58E-4249-8336-C3B4A50FD933}.Release|Any CPU.Build.0 = Release|Any CPU
		{44994EE3-4F7E-4DF7-A10E-85C1DA5C1673}.Debug|Any CPU.ActiveCfg = Debug|Any CPU
		{44994EE3-4F7E-4DF7-A10E-85C1DA5C1673}.Debug|Any CPU.Build.0 = Debug|Any CPU
		{44994EE3-4F7E-4DF7-A10E-85C1DA5C1673}.Release|Any CPU.ActiveCfg = Release|Any CPU
		{44994EE3-4F7E-4DF7-A10E-85C1DA5C1673}.Release|Any CPU.Build.0 = Release|Any CPU
	EndGlobalSection
	GlobalSection(SolutionProperties) = preSolution
		HideSolutionNode = FALSE
	EndGlobalSection
	GlobalSection(NestedProjects) = preSolution
		{5ADDAC9F-9BA9-48FC-90E7-FB11CE9064EB} = {03DA4A8A-E074-4F87-B627-EC8C4737F0C3}
		{F879E210-89DF-405A-A31D-D49F9A10C310} = {03DA4A8A-E074-4F87-B627-EC8C4737F0C3}
		{1887E2C6-BE10-4411-A6F8-FD284A5E0D5C} = {85E8FE87-C0ED-4E29-B7EB-6EB41B3E7CEA}
		{A3C04839-0E98-47F5-838C-F5708F85EE7B} = {85E8FE87-C0ED-4E29-B7EB-6EB41B3E7CEA}
		{352C2054-D58E-4249-8336-C3B4A50FD933} = {85E8FE87-C0ED-4E29-B7EB-6EB41B3E7CEA}
	EndGlobalSection
	GlobalSection(ExtensibilityGlobals) = postSolution
		SolutionGuid = {29072CCE-9CA7-45EB-AF51-D1A241D04579}
	EndGlobalSection
EndGlobal
